
Microsoft Visual Studio Solution File, Format Version 12.00
# Visual Studio Version 16
VisualStudioVersion = 16.0.30717.126
MinimumVisualStudioVersion = 10.0.40219.1
Project("{FAE04EC0-301F-11D3-BF4B-00C04F79EFBC}") = "Lab2", "Lab2.csproj", "{ACA155A1-880B-4B10-A5D7-3DDD666BD856}"
EndProject
Global
	GlobalSection(SolutionConfigurationPlatforms) = preSolution
		Debug|Any CPU = Debug|Any CPU
		Release|Any CPU = Release|Any CPU
	EndGlobalSection
	GlobalSection(ProjectConfigurationPlatforms) = postSolution
		{ACA155A1-880B-4B10-A5D7-3DDD666BD856}.Debug|Any CPU.ActiveCfg = Debug|Any CPU
		{ACA155A1-880B-4B10-A5D7-3DDD666BD856}.Debug|Any CPU.Build.0 = Debug|Any CPU
		{ACA155A1-880B-4B10-A5D7-3DDD666BD856}.Release|Any CPU.ActiveCfg = Release|Any CPU
		{ACA155A1-880B-4B10-A5D7-3DDD666BD856}.Release|Any CPU.Build.0 = Release|Any CPU
	EndGlobalSection
	GlobalSection(SolutionProperties) = preSolution
		HideSolutionNode = FALSE
	EndGlobalSection
	GlobalSection(ExtensibilityGlobals) = postSolution
		SolutionGuid = {5CC71FAD-1F8D-4D2A-962F-9022C651F85F}
	EndGlobalSection
EndGlobal
